
Microsoft Visual Studio Solution File, Format Version 12.00
# Visual Studio 14
VisualStudioVersion = 14.0.25420.1
MinimumVisualStudioVersion = 10.0.40219.1
Project("{FAE04EC0-301F-11D3-BF4B-00C04F79EFBC}") = "ChamaeleoIoT.Service", "src\ChamaeleoIoT.Service\ChamaeleoIoT.Service.csproj", "{EFFA017D-5743-41B9-BC87-DFC64F52D02B}"
EndProject
Project("{FAE04EC0-301F-11D3-BF4B-00C04F79EFBC}") = "ChamaeleoIoT", "src\ChamaeleoIoT\ChamaeleoIoT.csproj", "{9E5296CA-BD43-4B65-91FA-58320F018F18}"
EndProject
Project("{FAE04EC0-301F-11D3-BF4B-00C04F79EFBC}") = "ChamaeleoIoT.Tests", "test\ChamaeleoIoT.Tests\ChamaeleoIoT.Tests.csproj", "{D109D09E-68E2-4BEA-B83F-BBD416FB5417}"
EndProject
Project("{FAE04EC0-301F-11D3-BF4B-00C04F79EFBC}") = "ChamaeleoIoT.UniversalTests", "test\ChamaeleoIoT.UniversalTests\ChamaeleoIoT.UniversalTests.csproj", "{5D905435-7197-49D8-9FF5-F6FEBE4C4707}"
EndProject
Project("{FAE04EC0-301F-11D3-BF4B-00C04F79EFBC}") = "ChamaeleoIoT.Universal", "src\ChamaeleoIoT.Universal\ChamaeleoIoT.Universal.csproj", "{093C2672-3557-4113-BB5A-82311985B3EE}"
EndProject
Project("{2150E333-8FDC-42A3-9474-1A3956D46DE8}") = "src", "src", "{B4AD83E3-FBFF-4D9D-A295-6BC85B004AAC}"
EndProject
Project("{2150E333-8FDC-42A3-9474-1A3956D46DE8}") = "test", "test", "{63BDE04B-0733-42A2-A67B-DA78B290BA8F}"
EndProject
Project("{FAE04EC0-301F-11D3-BF4B-00C04F79EFBC}") = "ChamaeleoIoT.TestFramework", "test\ChamaeleoIoT.TestFramework\ChamaeleoIoT.TestFramework.csproj", "{A8140068-700D-46D2-9897-2E00F3689A5C}"
EndProject
Global
	GlobalSection(SolutionConfigurationPlatforms) = preSolution
		Debug|Any CPU = Debug|Any CPU
		Debug|ARM = Debug|ARM
		Debug|x86 = Debug|x86
		Release|Any CPU = Release|Any CPU
		Release|ARM = Release|ARM
		Release|x86 = Release|x86
	EndGlobalSection
	GlobalSection(ProjectConfigurationPlatforms) = postSolution
		{EFFA017D-5743-41B9-BC87-DFC64F52D02B}.Debug|Any CPU.ActiveCfg = Debug|x86
		{EFFA017D-5743-41B9-BC87-DFC64F52D02B}.Debug|ARM.ActiveCfg = Debug|ARM
		{EFFA017D-5743-41B9-BC87-DFC64F52D02B}.Debug|ARM.Build.0 = Debug|ARM
		{EFFA017D-5743-41B9-BC87-DFC64F52D02B}.Debug|ARM.Deploy.0 = Debug|ARM
		{EFFA017D-5743-41B9-BC87-DFC64F52D02B}.Debug|x86.ActiveCfg = Debug|x86
		{EFFA017D-5743-41B9-BC87-DFC64F52D02B}.Debug|x86.Build.0 = Debug|x86
		{EFFA017D-5743-41B9-BC87-DFC64F52D02B}.Debug|x86.Deploy.0 = Debug|x86
		{EFFA017D-5743-41B9-BC87-DFC64F52D02B}.Release|Any CPU.ActiveCfg = Release|x86
		{EFFA017D-5743-41B9-BC87-DFC64F52D02B}.Release|ARM.ActiveCfg = Release|ARM
		{EFFA017D-5743-41B9-BC87-DFC64F52D02B}.Release|ARM.Build.0 = Release|ARM
		{EFFA017D-5743-41B9-BC87-DFC64F52D02B}.Release|ARM.Deploy.0 = Release|ARM
		{EFFA017D-5743-41B9-BC87-DFC64F52D02B}.Release|x86.ActiveCfg = Release|x86
		{EFFA017D-5743-41B9-BC87-DFC64F52D02B}.Release|x86.Build.0 = Release|x86
		{EFFA017D-5743-41B9-BC87-DFC64F52D02B}.Release|x86.Deploy.0 = Release|x86
		{9E5296CA-BD43-4B65-91FA-58320F018F18}.Debug|Any CPU.ActiveCfg = Debug|x86
		{9E5296CA-BD43-4B65-91FA-58320F018F18}.Debug|ARM.ActiveCfg = Debug|ARM
		{9E5296CA-BD43-4B65-91FA-58320F018F18}.Debug|ARM.Build.0 = Debug|ARM
		{9E5296CA-BD43-4B65-91FA-58320F018F18}.Debug|x86.ActiveCfg = Debug|x86
		{9E5296CA-BD43-4B65-91FA-58320F018F18}.Debug|x86.Build.0 = Debug|x86
		{9E5296CA-BD43-4B65-91FA-58320F018F18}.Release|Any CPU.ActiveCfg = Release|x86
		{9E5296CA-BD43-4B65-91FA-58320F018F18}.Release|ARM.ActiveCfg = Release|ARM
		{9E5296CA-BD43-4B65-91FA-58320F018F18}.Release|ARM.Build.0 = Release|ARM
		{9E5296CA-BD43-4B65-91FA-58320F018F18}.Release|x86.ActiveCfg = Release|x86
		{9E5296CA-BD43-4B65-91FA-58320F018F18}.Release|x86.Build.0 = Release|x86
		{D109D09E-68E2-4BEA-B83F-BBD416FB5417}.Debug|Any CPU.ActiveCfg = Debug|Any CPU
		{D109D09E-68E2-4BEA-B83F-BBD416FB5417}.Debug|Any CPU.Build.0 = Debug|Any CPU
		{D109D09E-68E2-4BEA-B83F-BBD416FB5417}.Debug|ARM.ActiveCfg = Debug|Any CPU
		{D109D09E-68E2-4BEA-B83F-BBD416FB5417}.Debug|ARM.Build.0 = Debug|Any CPU
		{D109D09E-68E2-4BEA-B83F-BBD416FB5417}.Debug|x86.ActiveCfg = Debug|x86
		{D109D09E-68E2-4BEA-B83F-BBD416FB5417}.Debug|x86.Build.0 = Debug|x86
		{D109D09E-68E2-4BEA-B83F-BBD416FB5417}.Release|Any CPU.ActiveCfg = Release|Any CPU
		{D109D09E-68E2-4BEA-B83F-BBD416FB5417}.Release|Any CPU.Build.0 = Release|Any CPU
		{D109D09E-68E2-4BEA-B83F-BBD416FB5417}.Release|ARM.ActiveCfg = Release|Any CPU
		{D109D09E-68E2-4BEA-B83F-BBD416FB5417}.Release|x86.ActiveCfg = Release|Any CPU
		{5D905435-7197-49D8-9FF5-F6FEBE4C4707}.Debug|Any CPU.ActiveCfg = Debug|x86
		{5D905435-7197-49D8-9FF5-F6FEBE4C4707}.Debug|ARM.ActiveCfg = Debug|ARM
		{5D905435-7197-49D8-9FF5-F6FEBE4C4707}.Debug|ARM.Build.0 = Debug|ARM
		{5D905435-7197-49D8-9FF5-F6FEBE4C4707}.Debug|ARM.Deploy.0 = Debug|ARM
		{5D905435-7197-49D8-9FF5-F6FEBE4C4707}.Debug|x86.ActiveCfg = Debug|x86
		{5D905435-7197-49D8-9FF5-F6FEBE4C4707}.Debug|x86.Build.0 = Debug|x86
		{5D905435-7197-49D8-9FF5-F6FEBE4C4707}.Debug|x86.Deploy.0 = Debug|x86
		{5D905435-7197-49D8-9FF5-F6FEBE4C4707}.Release|Any CPU.ActiveCfg = Release|x86
		{5D905435-7197-49D8-9FF5-F6FEBE4C4707}.Release|ARM.ActiveCfg = Release|x86
		{5D905435-7197-49D8-9FF5-F6FEBE4C4707}.Release|x86.ActiveCfg = Release|x86
		{093C2672-3557-4113-BB5A-82311985B3EE}.Debug|Any CPU.ActiveCfg = Debug|x86
		{093C2672-3557-4113-BB5A-82311985B3EE}.Debug|ARM.ActiveCfg = Debug|ARM
		{093C2672-3557-4113-BB5A-82311985B3EE}.Debug|ARM.Build.0 = Debug|ARM
		{093C2672-3557-4113-BB5A-82311985B3EE}.Debug|x86.ActiveCfg = Debug|x86
		{093C2672-3557-4113-BB5A-82311985B3EE}.Debug|x86.Build.0 = Debug|x86
		{093C2672-3557-4113-BB5A-82311985B3EE}.Release|Any CPU.ActiveCfg = Release|x86
		{093C2672-3557-4113-BB5A-82311985B3EE}.Release|ARM.ActiveCfg = Release|ARM
		{093C2672-3557-4113-BB5A-82311985B3EE}.Release|ARM.Build.0 = Release|ARM
		{093C2672-3557-4113-BB5A-82311985B3EE}.Release|x86.ActiveCfg = Release|x86
		{093C2672-3557-4113-BB5A-82311985B3EE}.Release|x86.Build.0 = Release|x86
		{A8140068-700D-46D2-9897-2E00F3689A5C}.Debug|Any CPU.ActiveCfg = Debug|Any CPU
		{A8140068-700D-46D2-9897-2E00F3689A5C}.Debug|Any CPU.Build.0 = Debug|Any CPU
		{A8140068-700D-46D2-9897-2E00F3689A5C}.Debug|ARM.ActiveCfg = Debug|Any CPU
		{A8140068-700D-46D2-9897-2E00F3689A5C}.Debug|ARM.Build.0 = Debug|Any CPU
		{A8140068-700D-46D2-9897-2E00F3689A5C}.Debug|x86.ActiveCfg = Debug|Any CPU
		{A8140068-700D-46D2-9897-2E00F3689A5C}.Debug|x86.Build.0 = Debug|Any CPU
		{A8140068-700D-46D2-9897-2E00F3689A5C}.Release|Any CPU.ActiveCfg = Release|Any CPU
		{A8140068-700D-46D2-9897-2E00F3689A5C}.Release|Any CPU.Build.0 = Release|Any CPU
		{A8140068-700D-46D2-9897-2E00F3689A5C}.Release|ARM.ActiveCfg = Release|Any CPU
		{A8140068-700D-46D2-9897-2E00F3689A5C}.Release|ARM.Build.0 = Release|Any CPU
		{A8140068-700D-46D2-9897-2E00F3689A5C}.Release|x86.ActiveCfg = Release|Any CPU
		{A8140068-700D-46D2-9897-2E00F3689A5C}.Release|x86.Build.0 = Release|Any CPU
	EndGlobalSection
	GlobalSection(SolutionProperties) = preSolution
		HideSolutionNode = FALSE
	EndGlobalSection
	GlobalSection(NestedProjects) = preSolution
		{EFFA017D-5743-41B9-BC87-DFC64F52D02B} = {B4AD83E3-FBFF-4D9D-A295-6BC85B004AAC}
		{9E5296CA-BD43-4B65-91FA-58320F018F18} = {B4AD83E3-FBFF-4D9D-A295-6BC85B004AAC}
		{D109D09E-68E2-4BEA-B83F-BBD416FB5417} = {63BDE04B-0733-42A2-A67B-DA78B290BA8F}
		{5D905435-7197-49D8-9FF5-F6FEBE4C4707} = {63BDE04B-0733-42A2-A67B-DA78B290BA8F}
		{093C2672-3557-4113-BB5A-82311985B3EE} = {B4AD83E3-FBFF-4D9D-A295-6BC85B004AAC}
		{A8140068-700D-46D2-9897-2E00F3689A5C} = {63BDE04B-0733-42A2-A67B-DA78B290BA8F}
	EndGlobalSection
EndGlobal
